PODS:
  - Charts (3.6.0):
    - Charts/Core (= 3.6.0)
  - Charts/Core (3.6.0)
  - EasyTipView (2.1.0)
  - IQKeyboardManagerSwift (6.5.9)
  - RxCocoa (5.1.3):
    - RxRelay (~> 5)
    - RxSwift (~> 5)
  - RxRelay (5.1.3):
    - RxSwift (~> 5)
  - RxSwift (5.1.3)
  - RxSwiftExt (5.2.0):
    - RxSwiftExt/Core (= 5.2.0)
    - RxSwiftExt/RxCocoa (= 5.2.0)
  - RxSwiftExt/Core (5.2.0):
    - RxSwift (~> 5.0)
  - RxSwiftExt/RxCocoa (5.2.0):
    - RxCocoa (~> 5.0)
    - RxSwiftExt/Core

DEPENDENCIES:
  - Charts (from `https://github.com/trinhhcse/Charts.git`, branch `master_chart`)
  - EasyTipView
  - IQKeyboardManagerSwift
  - RxCocoa (~> 5)
  - RxSwift (~> 5)
  - RxSwiftExt (~> 5)

SPEC REPOS:
  trunk:
    - EasyTipView
    - IQKeyboardManagerSwift
    - RxCocoa
    - RxRelay
    - RxSwift
    - RxSwiftExt

EXTERNAL SOURCES:
  Charts:
    :branch: master_chart
    :git: https://github.com/trinhhcse/Charts.git

CHECKOUT OPTIONS:
  Charts:
    :commit: 6c77b3e9fa5258fff53866aae820a0eeff559e1b
    :git: https://github.com/trinhhcse/Charts.git

SPEC CHECKSUMS:
  Charts: b1e3a1f5a1c9ba5394438ca3b91bd8c9076310af
  EasyTipView: a92b6edc377b81c5ac18e9fd35d5ee78e9409488
  IQKeyboardManagerSwift: 6e839c575c4aa1078d58a596e41244e77abe918f
  RxCocoa: e2ed092d5432e4296aa818021d27de4090ac0354
  RxRelay: 5a18c2eb2d68326ebaf0112f80d837ae41b92b97
  RxSwift: 915abbdfb62214aa89ccd0b194d44fb478019b27
  RxSwiftExt: 4ca80336f43c28f11a2825cdd2fc61dd6c044697

PODFILE CHECKSUM: a22dcbaf90fe05ef85d0fe1f8941e4d021051d98

COCOAPODS: 1.11.2
