PODS:
  - Charts (3.6.0):
    - Charts/Core (= 3.6.0)
  - Charts/Core (3.6.0)
  - EasyTipView (2.1.0)
  - IQKeyboardManagerSwift (6.5.6)
  - RxCocoa (5.1.1):
    - RxRelay (~> 5)
    - RxSwift (~> 5)
  - RxRelay (5.1.1):
    - RxSwift (~> 5)
  - RxSwift (5.1.2)
  - RxSwiftExt (5.2.0):
    - RxSwiftExt/Core (= 5.2.0)
    - RxSwiftExt/RxCocoa (= 5.2.0)
  - RxSwiftExt/Core (5.2.0):
    - RxSwift (~> 5.0)
  - RxSwiftExt/RxCocoa (5.2.0):
    - RxCocoa (~> 5.0)
    - RxSwiftExt/Core

DEPENDENCIES:
  - Charts (from `https://github.com/trinhhcse/Charts.git`, branch `master_chart`)
  - EasyTipView
  - IQKeyboardManagerSwift
  - RxCocoa (~> 5)
  - RxSwift (~> 5)
  - RxSwiftExt (~> 5)

SPEC REPOS:
  trunk:
    - EasyTipView
    - IQKeyboardManagerSwift
    - RxCocoa
    - RxRelay
    - RxSwift
    - RxSwiftExt

EXTERNAL SOURCES:
  Charts:
    :branch: master_chart
    :git: https://github.com/trinhhcse/Charts.git

CHECKOUT OPTIONS:
  Charts:
    :commit: 3a984153180d9506d73d72bc5540eb3abc1cf32e
    :git: https://github.com/trinhhcse/Charts.git

SPEC CHECKSUMS:
  Charts: b1e3a1f5a1c9ba5394438ca3b91bd8c9076310af
  EasyTipView: a92b6edc377b81c5ac18e9fd35d5ee78e9409488
  IQKeyboardManagerSwift: c7df9d2deb356c04522f5c4b7b6e4ce4d8ed94fe
  RxCocoa: 32065309a38d29b5b0db858819b5bf9ef038b601
  RxRelay: d77f7d771495f43c556cbc43eebd1bb54d01e8e9
  RxSwift: 1e2e1f9570186967f617e49128ed26ccf1bafc8e
  RxSwiftExt: 4ca80336f43c28f11a2825cdd2fc61dd6c044697

PODFILE CHECKSUM: a22dcbaf90fe05ef85d0fe1f8941e4d021051d98

COCOAPODS: 1.10.1
